
Microsoft Visual Studio Solution File, Format Version 12.00
# Visual Studio Version 17
VisualStudioVersion = 17.1.32210.238
MinimumVisualStudioVersion = 10.0.40219.1
Project("{FAE04EC0-301F-11D3-BF4B-00C04F79EFBC}") = "MyFirstApp", "MyFirstApp\MyFirstApp.csproj", "{A76039C0-8CCF-4EC8-9DFB-08A186237EF2}"
EndProject
Global
	GlobalSection(SolutionConfigurationPlatforms) = preSolution
		Debug|Any CPU = Debug|Any CPU
		Release|Any CPU = Release|Any CPU
	EndGlobalSection
	GlobalSection(ProjectConfigurationPlatforms) = postSolution
		{A76039C0-8CCF-4EC8-9DFB-08A186237EF2}.Debug|Any CPU.ActiveCfg = Debug|Any CPU
		{A76039C0-8CCF-4EC8-9DFB-08A186237EF2}.Debug|Any CPU.Build.0 = Debug|Any CPU
		{A76039C0-8CCF-4EC8-9DFB-08A186237EF2}.Release|Any CPU.ActiveCfg = Release|Any CPU
		{A76039C0-8CCF-4EC8-9DFB-08A186237EF2}.Release|Any CPU.Build.0 = Release|Any CPU
	EndGlobalSection
	GlobalSection(SolutionProperties) = preSolution
		HideSolutionNode = FALSE
	EndGlobalSection
	GlobalSection(ExtensibilityGlobals) = postSolution
		SolutionGuid = {7A38CA58-B5C3-43D6-94A3-50B1B94C6F29}
	EndGlobalSection
EndGlobal
